{
  "name": "workspace",
  "version": "0.0.0",
  "lockfileVersion": 3,
  "requires": true,
  "packages": {
    "": {
      "name": "workspace",
      "version": "0.0.0",
      "license": "MIT",
      "dependencies": {
        "xlsx": "^0.18.5"
      }
    },
    "node_modules/xlsx": {
      "version": "0.18.5",
      "resolved": "https://registry.npmjs.org/xlsx/-/xlsx-0.18.5.tgz",
      "integrity": "sha512-dmg3LiTZAfDTy3R6TwEQ4K6PdCqNSwJH7x9M/3/7pJcXrqV2l9ZZpga7G5WrT6TjC0J9mU+zR8VD8pE3PmCj6HQ==",
      "engines": {
        "node": ">=0.8.0"
      }
    }
  }
}
